# This file was autogenerated by Stack.
# You should not edit this file by hand.
# For more information, please see the documentation at:
#   https://docs.haskellstack.org/en/stable/lock_files

packages: []
snapshots:
- completed:
    sha256: bcc0956a06c62db5a7bd6c16dc3f85444453414b46d8ad118c5e9a4e8a51f57f
    size: 660738
    url: https://raw.githubusercontent.com/commercialhaskell/stackage-snapshots/master/nightly/2024/9/4.yaml
  original: nightly-2024-09-04
